PODS:
  - BigInt (3.1.0):
    - SipHash (~> 1.2)
  - SipHash (1.2.2)
  - SwiftLint (0.28.1)
  - SwiftyRSA (1.5.0):
    - SwiftyRSA/ObjC (= 1.5.0)
  - SwiftyRSA/ObjC (1.5.0)

DEPENDENCIES:
  - BigInt (~> 3.0)
  - SwiftLint (= 0.28.1)
  - SwiftyRSA

SPEC REPOS:
  https://github.com/cocoapods/specs.git:
    - BigInt
    - SipHash
    - SwiftLint
    - SwiftyRSA

SPEC CHECKSUMS:
  BigInt: 76b5dfdfa3e2e478d4ffdf161aeede5502e2742f
  SipHash: fad90a4683e420c52ef28063063dbbce248ea6d4
  SwiftLint: 7f5f7de0da74a649b16616cb5246ae323489656e
  SwiftyRSA: 6e528fb1b1a87d5111c48081083b141d6d65f1cf

PODFILE CHECKSUM: 996c2127406329eada2e24737bc3e4ec39fe6b78

COCOAPODS: 1.7.1
